
Microsoft Visual Studio Solution File, Format Version 12.00
# Visual Studio Version 16
VisualStudioVersion = 16.0.31205.134
MinimumVisualStudioVersion = 10.0.40219.1
Project("{9A19103F-16F7-4668-BE54-9A1E7A4F7556}") = "0728ViewAccess", "0612ViewContent\0728ViewAccess.csproj", "{83F09305-5B07-4E4C-8F32-C376AB2353A1}"
EndProject
Global
	GlobalSection(SolutionConfigurationPlatforms) = preSolution
		Debug|Any CPU = Debug|Any CPU
		Debug|x64 = Debug|x64
		Debug|x86 = Debug|x86
		Release|Any CPU = Release|Any CPU
		Release|x64 = Release|x64
		Release|x86 = Release|x86
	EndGlobalSection
	GlobalSection(ProjectConfigurationPlatforms) = postSolution
		{83F09305-5B07-4E4C-8F32-C376AB2353A1}.Debug|Any CPU.ActiveCfg = Debug|Any CPU
		{83F09305-5B07-4E4C-8F32-C376AB2353A1}.Debug|Any CPU.Build.0 = Debug|Any CPU
		{83F09305-5B07-4E4C-8F32-C376AB2353A1}.Debug|x64.ActiveCfg = Debug|x64
		{83F09305-5B07-4E4C-8F32-C376AB2353A1}.Debug|x64.Build.0 = Debug|x64
		{83F09305-5B07-4E4C-8F32-C376AB2353A1}.Debug|x86.ActiveCfg = Debug|x86
		{83F09305-5B07-4E4C-8F32-C376AB2353A1}.Debug|x86.Build.0 = Debug|x86
		{83F09305-5B07-4E4C-8F32-C376AB2353A1}.Release|Any CPU.ActiveCfg = Release|Any CPU
		{83F09305-5B07-4E4C-8F32-C376AB2353A1}.Release|Any CPU.Build.0 = Release|Any CPU
		{83F09305-5B07-4E4C-8F32-C376AB2353A1}.Release|x64.ActiveCfg = Release|x64
		{83F09305-5B07-4E4C-8F32-C376AB2353A1}.Release|x64.Build.0 = Release|x64
		{83F09305-5B07-4E4C-8F32-C376AB2353A1}.Release|x86.ActiveCfg = Release|x86
		{83F09305-5B07-4E4C-8F32-C376AB2353A1}.Release|x86.Build.0 = Release|x86
	EndGlobalSection
	GlobalSection(SolutionProperties) = preSolution
		HideSolutionNode = FALSE
	EndGlobalSection
	GlobalSection(ExtensibilityGlobals) = postSolution
		SolutionGuid = {CC6D8187-4100-4A4B-8123-5D63E0870A41}
	EndGlobalSection
EndGlobal
