
Microsoft Visual Studio Solution File, Format Version 12.00
# Visual Studio Version 16
VisualStudioVersion = 16.0.31624.102
MinimumVisualStudioVersion = 10.0.40219.1
Project("{9A19103F-16F7-4668-BE54-9A1E7A4F7556}") = "ModelBuilder_PFI", "ModelBuilder_PFI\ModelBuilder_PFI.csproj", "{F751225B-7700-43FF-B43F-53312E93583B}"
EndProject
Project("{9A19103F-16F7-4668-BE54-9A1E7A4F7556}") = "MLModel1_ConsoleApp1", "MLModel1_ConsoleApp1\MLModel1_ConsoleApp1.csproj", "{D8F3ACB2-1527-47D6-BB99-318952D13D36}"
EndProject
Global
	GlobalSection(SolutionConfigurationPlatforms) = preSolution
		Debug|Any CPU = Debug|Any CPU
		Release|Any CPU = Release|Any CPU
	EndGlobalSection
	GlobalSection(ProjectConfigurationPlatforms) = postSolution
		{F751225B-7700-43FF-B43F-53312E93583B}.Debug|Any CPU.ActiveCfg = Debug|Any CPU
		{F751225B-7700-43FF-B43F-53312E93583B}.Debug|Any CPU.Build.0 = Debug|Any CPU
		{F751225B-7700-43FF-B43F-53312E93583B}.Release|Any CPU.ActiveCfg = Release|Any CPU
		{F751225B-7700-43FF-B43F-53312E93583B}.Release|Any CPU.Build.0 = Release|Any CPU
		{D8F3ACB2-1527-47D6-BB99-318952D13D36}.Debug|Any CPU.ActiveCfg = Debug|Any CPU
		{D8F3ACB2-1527-47D6-BB99-318952D13D36}.Debug|Any CPU.Build.0 = Debug|Any CPU
		{D8F3ACB2-1527-47D6-BB99-318952D13D36}.Release|Any CPU.ActiveCfg = Release|Any CPU
		{D8F3ACB2-1527-47D6-BB99-318952D13D36}.Release|Any CPU.Build.0 = Release|Any CPU
	EndGlobalSection
	GlobalSection(SolutionProperties) = preSolution
		HideSolutionNode = FALSE
	EndGlobalSection
	GlobalSection(ExtensibilityGlobals) = postSolution
		SolutionGuid = {331BE80F-A14A-4033-AD3B-E496A492687E}
	EndGlobalSection
EndGlobal
